
Microsoft Visual Studio Solution File, Format Version 12.00
# Visual Studio 15
VisualStudioVersion = 15.0.27703.2042
MinimumVisualStudioVersion = 10.0.40219.1
Project("{FAE04EC0-301F-11D3-BF4B-00C04F79EFBC}") = "PicAggoAPI", "PicAggoAPI\PicAggoAPI.csproj", "{1A760840-089A-42D4-819B-A91544243445}"
EndProject
Global
	GlobalSection(SolutionConfigurationPlatforms) = preSolution
		Debug|Any CPU = Debug|Any CPU
		Release|Any CPU = Release|Any CPU
	EndGlobalSection
	GlobalSection(ProjectConfigurationPlatforms) = postSolution
		{1A760840-089A-42D4-819B-A91544243445}.Debug|Any CPU.ActiveCfg = Debug|Any CPU
		{1A760840-089A-42D4-819B-A91544243445}.Debug|Any CPU.Build.0 = Debug|Any CPU
		{1A760840-089A-42D4-819B-A91544243445}.Release|Any CPU.ActiveCfg = Release|Any CPU
		{1A760840-089A-42D4-819B-A91544243445}.Release|Any CPU.Build.0 = Release|Any CPU
	EndGlobalSection
	GlobalSection(SolutionProperties) = preSolution
		HideSolutionNode = FALSE
	EndGlobalSection
	GlobalSection(ExtensibilityGlobals) = postSolution
		SolutionGuid = {5E8A81C6-EF4D-4EE5-BEE9-8E57025815C3}
	EndGlobalSection
EndGlobal
